
Microsoft Visual Studio Solution File, Format Version 12.00
# Visual Studio Version 17
VisualStudioVersion = 17.0.31919.166
MinimumVisualStudioVersion = 10.0.40219.1
Project("{9A19103F-16F7-4668-BE54-9A1E7A4F7556}") = "Stack", "Stack\Stack.csproj", "{4E1749E6-F9F2-4F4C-95D6-EC36703168F2}"
EndProject
Project("{9A19103F-16F7-4668-BE54-9A1E7A4F7556}") = "Overriding", "Overriding\Overriding.csproj", "{4F10A6D2-1DBC-4810-988D-47378A622A5B}"
EndProject
Project("{9A19103F-16F7-4668-BE54-9A1E7A4F7556}") = "Object", "Object\Object.csproj", "{0BD1CCE1-9A41-47F0-86D6-5DFB2729A7C5}"
EndProject
Project("{9A19103F-16F7-4668-BE54-9A1E7A4F7556}") = "Boxing", "Boxing\Boxing.csproj", "{C78C5C14-B38B-414A-A3CF-DFB23A3C1FB8}"
EndProject
Project("{9A19103F-16F7-4668-BE54-9A1E7A4F7556}") = "Constructor", "Constructor\Constructor.csproj", "{443EAE58-89AD-4D27-87F6-8DBD9887F6AD}"
EndProject
Project("{9A19103F-16F7-4668-BE54-9A1E7A4F7556}") = "Casting", "Casting\Casting.csproj", "{D7C094A1-A04E-4756-BECE-7316D8D1DB1A}"
EndProject
Project("{9A19103F-16F7-4668-BE54-9A1E7A4F7556}") = "InheritanceAmazon", "InheritanceAmazon\InheritanceAmazon.csproj", "{48BC0D98-31B0-4B7C-8154-EF9173593C1F}"
EndProject
Project("{9A19103F-16F7-4668-BE54-9A1E7A4F7556}") = "Inheritance", "Inheritance\Inheritance.csproj", "{40212E74-6D60-40CC-B122-0E562A5FDE1E}"
EndProject
Project("{9A19103F-16F7-4668-BE54-9A1E7A4F7556}") = "ChatBot", "ChatBot\ChatBot.csproj", "{134C5753-E75C-4433-8337-3F1AC9C0EEBA}"
EndProject
Project("{9A19103F-16F7-4668-BE54-9A1E7A4F7556}") = "AbstractClassMembers", "AbstractClassMembers\AbstractClassMembers.csproj", "{FDAC758C-3256-406F-AD94-56A452CF33BA}"
EndProject
Project("{9A19103F-16F7-4668-BE54-9A1E7A4F7556}") = "Testability", "Testability\Testability.csproj", "{65E2F391-F527-4004-B155-35AE27771F60}"
EndProject
Project("{FAE04EC0-301F-11D3-BF4B-00C04F79EFBC}") = "Testability.Test", "Testability.Test\Testability.Test.csproj", "{2E453225-D2DE-48E2-9A7A-BA73C92D4B41}"
EndProject
Project("{9A19103F-16F7-4668-BE54-9A1E7A4F7556}") = "Interfaces", "Interfaces\Interfaces.csproj", "{4AFAEF74-B7C5-4B81-9616-00F72F443115}"
EndProject
Project("{9A19103F-16F7-4668-BE54-9A1E7A4F7556}") = "LeetCode", "LeetCode\LeetCode.csproj", "{882366E3-5E7C-49DC-8186-6CCF7EEC890C}"
EndProject
Project("{FAE04EC0-301F-11D3-BF4B-00C04F79EFBC}") = "Extensibility", "Extensibility\Extensibility.csproj", "{8CB2F2C0-32EA-4AE7-A2B1-DC49E4DDF03C}"
EndProject
Project("{FAE04EC0-301F-11D3-BF4B-00C04F79EFBC}") = "LeetCodeForMac", "LeetCodeForMac\LeetCodeForMac.csproj", "{35075437-26E3-4B37-BAE4-8D227CDB6E73}"
EndProject
Project("{FAE04EC0-301F-11D3-BF4B-00C04F79EFBC}") = "Generics", "Generics\Generics.csproj", "{9B5B44CC-BF23-481A-BD15-D1ADBA940CBC}"
EndProject
Project("{2150E333-8FDC-42A3-9474-1A3956D46DE8}") = "Advance", "Advance", "{715AA25C-8F84-4407-AEF4-EDAF7BF05A20}"
EndProject
Global
	GlobalSection(SolutionConfigurationPlatforms) = preSolution
		Debug|Any CPU = Debug|Any CPU
		Release|Any CPU = Release|Any CPU
	EndGlobalSection
	GlobalSection(ProjectConfigurationPlatforms) = postSolution
		{4E1749E6-F9F2-4F4C-95D6-EC36703168F2}.Debug|Any CPU.ActiveCfg = Debug|Any CPU
		{4E1749E6-F9F2-4F4C-95D6-EC36703168F2}.Debug|Any CPU.Build.0 = Debug|Any CPU
		{4E1749E6-F9F2-4F4C-95D6-EC36703168F2}.Release|Any CPU.ActiveCfg = Release|Any CPU
		{4E1749E6-F9F2-4F4C-95D6-EC36703168F2}.Release|Any CPU.Build.0 = Release|Any CPU
		{4F10A6D2-1DBC-4810-988D-47378A622A5B}.Debug|Any CPU.ActiveCfg = Debug|Any CPU
		{4F10A6D2-1DBC-4810-988D-47378A622A5B}.Debug|Any CPU.Build.0 = Debug|Any CPU
		{4F10A6D2-1DBC-4810-988D-47378A622A5B}.Release|Any CPU.ActiveCfg = Release|Any CPU
		{4F10A6D2-1DBC-4810-988D-47378A622A5B}.Release|Any CPU.Build.0 = Release|Any CPU
		{0BD1CCE1-9A41-47F0-86D6-5DFB2729A7C5}.Debug|Any CPU.ActiveCfg = Debug|Any CPU
		{0BD1CCE1-9A41-47F0-86D6-5DFB2729A7C5}.Debug|Any CPU.Build.0 = Debug|Any CPU
		{0BD1CCE1-9A41-47F0-86D6-5DFB2729A7C5}.Release|Any CPU.ActiveCfg = Release|Any CPU
		{0BD1CCE1-9A41-47F0-86D6-5DFB2729A7C5}.Release|Any CPU.Build.0 = Release|Any CPU
		{C78C5C14-B38B-414A-A3CF-DFB23A3C1FB8}.Debug|Any CPU.ActiveCfg = Debug|Any CPU
		{C78C5C14-B38B-414A-A3CF-DFB23A3C1FB8}.Debug|Any CPU.Build.0 = Debug|Any CPU
		{C78C5C14-B38B-414A-A3CF-DFB23A3C1FB8}.Release|Any CPU.ActiveCfg = Release|Any CPU
		{C78C5C14-B38B-414A-A3CF-DFB23A3C1FB8}.Release|Any CPU.Build.0 = Release|Any CPU
		{443EAE58-89AD-4D27-87F6-8DBD9887F6AD}.Debug|Any CPU.ActiveCfg = Debug|Any CPU
		{443EAE58-89AD-4D27-87F6-8DBD9887F6AD}.Debug|Any CPU.Build.0 = Debug|Any CPU
		{443EAE58-89AD-4D27-87F6-8DBD9887F6AD}.Release|Any CPU.ActiveCfg = Release|Any CPU
		{443EAE58-89AD-4D27-87F6-8DBD9887F6AD}.Release|Any CPU.Build.0 = Release|Any CPU
		{D7C094A1-A04E-4756-BECE-7316D8D1DB1A}.Debug|Any CPU.ActiveCfg = Debug|Any CPU
		{D7C094A1-A04E-4756-BECE-7316D8D1DB1A}.Debug|Any CPU.Build.0 = Debug|Any CPU
		{D7C094A1-A04E-4756-BECE-7316D8D1DB1A}.Release|Any CPU.ActiveCfg = Release|Any CPU
		{D7C094A1-A04E-4756-BECE-7316D8D1DB1A}.Release|Any CPU.Build.0 = Release|Any CPU
		{48BC0D98-31B0-4B7C-8154-EF9173593C1F}.Debug|Any CPU.ActiveCfg = Debug|Any CPU
		{48BC0D98-31B0-4B7C-8154-EF9173593C1F}.Debug|Any CPU.Build.0 = Debug|Any CPU
		{48BC0D98-31B0-4B7C-8154-EF9173593C1F}.Release|Any CPU.ActiveCfg = Release|Any CPU
		{48BC0D98-31B0-4B7C-8154-EF9173593C1F}.Release|Any CPU.Build.0 = Release|Any CPU
		{40212E74-6D60-40CC-B122-0E562A5FDE1E}.Debug|Any CPU.ActiveCfg = Debug|Any CPU
		{40212E74-6D60-40CC-B122-0E562A5FDE1E}.Debug|Any CPU.Build.0 = Debug|Any CPU
		{40212E74-6D60-40CC-B122-0E562A5FDE1E}.Release|Any CPU.ActiveCfg = Release|Any CPU
		{40212E74-6D60-40CC-B122-0E562A5FDE1E}.Release|Any CPU.Build.0 = Release|Any CPU
		{134C5753-E75C-4433-8337-3F1AC9C0EEBA}.Debug|Any CPU.ActiveCfg = Debug|Any CPU
		{134C5753-E75C-4433-8337-3F1AC9C0EEBA}.Debug|Any CPU.Build.0 = Debug|Any CPU
		{134C5753-E75C-4433-8337-3F1AC9C0EEBA}.Release|Any CPU.ActiveCfg = Release|Any CPU
		{134C5753-E75C-4433-8337-3F1AC9C0EEBA}.Release|Any CPU.Build.0 = Release|Any CPU
		{FDAC758C-3256-406F-AD94-56A452CF33BA}.Debug|Any CPU.ActiveCfg = Debug|Any CPU
		{FDAC758C-3256-406F-AD94-56A452CF33BA}.Debug|Any CPU.Build.0 = Debug|Any CPU
		{FDAC758C-3256-406F-AD94-56A452CF33BA}.Release|Any CPU.ActiveCfg = Release|Any CPU
		{FDAC758C-3256-406F-AD94-56A452CF33BA}.Release|Any CPU.Build.0 = Release|Any CPU
		{65E2F391-F527-4004-B155-35AE27771F60}.Debug|Any CPU.ActiveCfg = Debug|Any CPU
		{65E2F391-F527-4004-B155-35AE27771F60}.Debug|Any CPU.Build.0 = Debug|Any CPU
		{65E2F391-F527-4004-B155-35AE27771F60}.Release|Any CPU.ActiveCfg = Release|Any CPU
		{65E2F391-F527-4004-B155-35AE27771F60}.Release|Any CPU.Build.0 = Release|Any CPU
		{2E453225-D2DE-48E2-9A7A-BA73C92D4B41}.Debug|Any CPU.ActiveCfg = Debug|Any CPU
		{2E453225-D2DE-48E2-9A7A-BA73C92D4B41}.Debug|Any CPU.Build.0 = Debug|Any CPU
		{2E453225-D2DE-48E2-9A7A-BA73C92D4B41}.Release|Any CPU.ActiveCfg = Release|Any CPU
		{2E453225-D2DE-48E2-9A7A-BA73C92D4B41}.Release|Any CPU.Build.0 = Release|Any CPU
		{4AFAEF74-B7C5-4B81-9616-00F72F443115}.Debug|Any CPU.ActiveCfg = Debug|Any CPU
		{4AFAEF74-B7C5-4B81-9616-00F72F443115}.Debug|Any CPU.Build.0 = Debug|Any CPU
		{4AFAEF74-B7C5-4B81-9616-00F72F443115}.Release|Any CPU.ActiveCfg = Release|Any CPU
		{4AFAEF74-B7C5-4B81-9616-00F72F443115}.Release|Any CPU.Build.0 = Release|Any CPU
		{882366E3-5E7C-49DC-8186-6CCF7EEC890C}.Debug|Any CPU.ActiveCfg = Debug|Any CPU
		{882366E3-5E7C-49DC-8186-6CCF7EEC890C}.Debug|Any CPU.Build.0 = Debug|Any CPU
		{882366E3-5E7C-49DC-8186-6CCF7EEC890C}.Release|Any CPU.ActiveCfg = Release|Any CPU
		{882366E3-5E7C-49DC-8186-6CCF7EEC890C}.Release|Any CPU.Build.0 = Release|Any CPU
		{8CB2F2C0-32EA-4AE7-A2B1-DC49E4DDF03C}.Debug|Any CPU.ActiveCfg = Debug|Any CPU
		{8CB2F2C0-32EA-4AE7-A2B1-DC49E4DDF03C}.Debug|Any CPU.Build.0 = Debug|Any CPU
		{8CB2F2C0-32EA-4AE7-A2B1-DC49E4DDF03C}.Release|Any CPU.ActiveCfg = Release|Any CPU
		{8CB2F2C0-32EA-4AE7-A2B1-DC49E4DDF03C}.Release|Any CPU.Build.0 = Release|Any CPU
		{35075437-26E3-4B37-BAE4-8D227CDB6E73}.Debug|Any CPU.ActiveCfg = Debug|Any CPU
		{35075437-26E3-4B37-BAE4-8D227CDB6E73}.Debug|Any CPU.Build.0 = Debug|Any CPU
		{35075437-26E3-4B37-BAE4-8D227CDB6E73}.Release|Any CPU.ActiveCfg = Release|Any CPU
		{35075437-26E3-4B37-BAE4-8D227CDB6E73}.Release|Any CPU.Build.0 = Release|Any CPU
		{9B5B44CC-BF23-481A-BD15-D1ADBA940CBC}.Debug|Any CPU.ActiveCfg = Debug|Any CPU
		{9B5B44CC-BF23-481A-BD15-D1ADBA940CBC}.Debug|Any CPU.Build.0 = Debug|Any CPU
		{9B5B44CC-BF23-481A-BD15-D1ADBA940CBC}.Release|Any CPU.ActiveCfg = Release|Any CPU
		{9B5B44CC-BF23-481A-BD15-D1ADBA940CBC}.Release|Any CPU.Build.0 = Release|Any CPU
	EndGlobalSection
	GlobalSection(SolutionProperties) = preSolution
		HideSolutionNode = FALSE
	EndGlobalSection
	GlobalSection(NestedProjects) = preSolution
		{9B5B44CC-BF23-481A-BD15-D1ADBA940CBC} = {715AA25C-8F84-4407-AEF4-EDAF7BF05A20}
	EndGlobalSection
	GlobalSection(ExtensibilityGlobals) = postSolution
		SolutionGuid = {1BFF4E0B-676E-4028-94A6-D3D015DE4CAA}
	EndGlobalSection
EndGlobal
